
Microsoft Visual Studio Solution File, Format Version 12.00
# Visual Studio 15
VisualStudioVersion = 15.0.28307.106
MinimumVisualStudioVersion = 10.0.40219.1
Project("{FAE04EC0-301F-11D3-BF4B-00C04F79EFBC}") = "mate-terminal", "mate-terminal\mate-terminal.csproj", "{3220CD63-7869-4D41-9E36-14D37D159E8D}"
EndProject
Global
	GlobalSection(SolutionConfigurationPlatforms) = preSolution
		Debug|Any CPU = Debug|Any CPU
		Release|Any CPU = Release|Any CPU
	EndGlobalSection
	GlobalSection(ProjectConfigurationPlatforms) = postSolution
		{3220CD63-7869-4D41-9E36-14D37D159E8D}.Debug|Any CPU.ActiveCfg = Debug|Any CPU
		{3220CD63-7869-4D41-9E36-14D37D159E8D}.Debug|Any CPU.Build.0 = Debug|Any CPU
		{3220CD63-7869-4D41-9E36-14D37D159E8D}.Release|Any CPU.ActiveCfg = Release|Any CPU
		{3220CD63-7869-4D41-9E36-14D37D159E8D}.Release|Any CPU.Build.0 = Release|Any CPU
	EndGlobalSection
	GlobalSection(SolutionProperties) = preSolution
		HideSolutionNode = FALSE
	EndGlobalSection
	GlobalSection(ExtensibilityGlobals) = postSolution
		SolutionGuid = {4A58AF7C-90E7-4A3A-9574-65A9A271C134}
	EndGlobalSection
EndGlobal
